
Microsoft Visual Studio Solution File, Format Version 12.00
# Visual Studio Version 17
VisualStudioVersion = 17.0.32630.193
MinimumVisualStudioVersion = 10.0.40219.1
Project("{9A19103F-16F7-4668-BE54-9A1E7A4F7556}") = "FasterCrafting", "FasterCrafting.csproj", "{610655CB-205A-4956-93D3-A08DDEDF20CE}"
EndProject
Global
	GlobalSection(SolutionConfigurationPlatforms) = preSolution
		Debug|Any CPU = Debug|Any CPU
		Release|Any CPU = Release|Any CPU
	EndGlobalSection
	GlobalSection(ProjectConfigurationPlatforms) = postSolution
		{610655CB-205A-4956-93D3-A08DDEDF20CE}.Debug|Any CPU.ActiveCfg = Debug|Any CPU
		{610655CB-205A-4956-93D3-A08DDEDF20CE}.Debug|Any CPU.Build.0 = Debug|Any CPU
		{610655CB-205A-4956-93D3-A08DDEDF20CE}.Release|Any CPU.ActiveCfg = Release|Any CPU
		{610655CB-205A-4956-93D3-A08DDEDF20CE}.Release|Any CPU.Build.0 = Release|Any CPU
	EndGlobalSection
	GlobalSection(SolutionProperties) = preSolution
		HideSolutionNode = FALSE
	EndGlobalSection
	GlobalSection(ExtensibilityGlobals) = postSolution
		SolutionGuid = {BF9F5F21-4994-4AA6-8678-EDF0A5F05DEA}
	EndGlobalSection
EndGlobal
